
Microsoft Visual Studio Solution File, Format Version 12.00
# Visual Studio Version 17
VisualStudioVersion = 17.14.35806.103 d17.14
MinimumVisualStudioVersion = 10.0.40219.1
Project("{FAE04EC0-301F-11D3-BF4B-00C04F79EFBC}") = "Application", "Application.csproj", "{B019C0F1-07B0-4E69-B6EC-89F262DCDD36}"
EndProject
Global
	GlobalSection(SolutionConfigurationPlatforms) = preSolution
		Debug|Any CPU = Debug|Any CPU
		Release|Any CPU = Release|Any CPU
	EndGlobalSection
	GlobalSection(ProjectConfigurationPlatforms) = postSolution
		{B019C0F1-07B0-4E69-B6EC-89F262DCDD36}.Debug|Any CPU.ActiveCfg = Debug|Any CPU
		{B019C0F1-07B0-4E69-B6EC-89F262DCDD36}.Debug|Any CPU.Build.0 = Debug|Any CPU
		{B019C0F1-07B0-4E69-B6EC-89F262DCDD36}.Release|Any CPU.ActiveCfg = Release|Any CPU
		{B019C0F1-07B0-4E69-B6EC-89F262DCDD36}.Release|Any CPU.Build.0 = Release|Any CPU
	EndGlobalSection
	GlobalSection(SolutionProperties) = preSolution
		HideSolutionNode = FALSE
	EndGlobalSection
	GlobalSection(ExtensibilityGlobals) = postSolution
		SolutionGuid = {A6151192-A048-4FEF-BC99-7523C04CEF5E}
	EndGlobalSection
EndGlobal
